
Microsoft Visual Studio Solution File, Format Version 12.00
# Visual Studio Version 17
VisualStudioVersion = 17.6.33723.286
MinimumVisualStudioVersion = 10.0.40219.1
Project("{FAE04EC0-301F-11D3-BF4B-00C04F79EFBC}") = "CodeWars", "CodeWars\CodeWars.csproj", "{2B28CCBB-AD3A-4B71-8071-58D4E2FDFAAA}"
EndProject
Global
	GlobalSection(SolutionConfigurationPlatforms) = preSolution
		Debug|Any CPU = Debug|Any CPU
		Release|Any CPU = Release|Any CPU
	EndGlobalSection
	GlobalSection(ProjectConfigurationPlatforms) = postSolution
		{2B28CCBB-AD3A-4B71-8071-58D4E2FDFAAA}.Debug|Any CPU.ActiveCfg = Debug|Any CPU
		{2B28CCBB-AD3A-4B71-8071-58D4E2FDFAAA}.Debug|Any CPU.Build.0 = Debug|Any CPU
		{2B28CCBB-AD3A-4B71-8071-58D4E2FDFAAA}.Release|Any CPU.ActiveCfg = Release|Any CPU
		{2B28CCBB-AD3A-4B71-8071-58D4E2FDFAAA}.Release|Any CPU.Build.0 = Release|Any CPU
	EndGlobalSection
	GlobalSection(SolutionProperties) = preSolution
		HideSolutionNode = FALSE
	EndGlobalSection
	GlobalSection(ExtensibilityGlobals) = postSolution
		SolutionGuid = {A4AFACDE-6280-4638-AD67-199E1BCD728A}
	EndGlobalSection
EndGlobal
